
Microsoft Visual Studio Solution File, Format Version 12.00
# Visual Studio Version 17
VisualStudioVersion = 17.3.32901.215
MinimumVisualStudioVersion = 10.0.40219.1
Project("{9A19103F-16F7-4668-BE54-9A1E7A4F7556}") = "HotelManagement", "HotelManagement\HotelManagement.csproj", "{961DE7F0-065C-407E-9E5E-219132305F67}"
EndProject
Project("{2150E333-8FDC-42A3-9474-1A3956D46DE8}") = "Data", "Data", "{BB3A8BD8-BA09-4DD0-873C-4CDB3E693833}"
EndProject
Project("{9A19103F-16F7-4668-BE54-9A1E7A4F7556}") = "HotelManagement.Data", "HotelManagement.Data\HotelManagement.Data.csproj", "{E0AE3FF9-A237-4C7B-BBCD-F65B8C3FF399}"
EndProject
Project("{9A19103F-16F7-4668-BE54-9A1E7A4F7556}") = "HotelManagement.Data.Common", "HotelManagement.Data.Common\HotelManagement.Data.Common.csproj", "{EA874987-41D9-4628-8502-51CF55012905}"
EndProject
Project("{9A19103F-16F7-4668-BE54-9A1E7A4F7556}") = "HotelManagement.Data.Models", "HotelManagement.Data.Models\HotelManagement.Data.Models.csproj", "{34713233-C23E-424C-BF9C-CC233F4287B0}"
EndProject
Project("{9A19103F-16F7-4668-BE54-9A1E7A4F7556}") = "HotelManagement.Web.ViewModels", "HotelManagement.Web.ViewModels\HotelManagement.Web.ViewModels.csproj", "{F59EEBA3-D608-4EA0-A673-B02E48AC95C7}"
EndProject
Project("{2150E333-8FDC-42A3-9474-1A3956D46DE8}") = "Services", "Services", "{2D27F915-AD6D-4B1B-B902-95514186BE28}"
EndProject
Project("{9A19103F-16F7-4668-BE54-9A1E7A4F7556}") = "HotelManagement.AutoMapper", "HotelManagment.AutoMapper\HotelManagement.AutoMapper.csproj", "{85E2DE15-2042-4AAB-A7E0-D44B68AB2802}"
EndProject
Project("{9A19103F-16F7-4668-BE54-9A1E7A4F7556}") = "HotelManagement.Data.Services", "HotelManagement.Data.Services\HotelManagement.Data.Services.csproj", "{E8007A5D-AEBE-4634-BBAB-D21CAB4B93EF}"
EndProject
Project("{FAE04EC0-301F-11D3-BF4B-00C04F79EFBC}") = "HotelManagement.Data.Seeding", "HotelManagement.Data.Seeding\HotelManagement.Data.Seeding.csproj", "{D4EB50EA-D506-47FA-98F0-407DDEA68F67}"
EndProject
Global
	GlobalSection(SolutionConfigurationPlatforms) = preSolution
		Debug|Any CPU = Debug|Any CPU
		Release|Any CPU = Release|Any CPU
	EndGlobalSection
	GlobalSection(ProjectConfigurationPlatforms) = postSolution
		{961DE7F0-065C-407E-9E5E-219132305F67}.Debug|Any CPU.ActiveCfg = Debug|Any CPU
		{961DE7F0-065C-407E-9E5E-219132305F67}.Debug|Any CPU.Build.0 = Debug|Any CPU
		{961DE7F0-065C-407E-9E5E-219132305F67}.Release|Any CPU.ActiveCfg = Release|Any CPU
		{961DE7F0-065C-407E-9E5E-219132305F67}.Release|Any CPU.Build.0 = Release|Any CPU
		{E0AE3FF9-A237-4C7B-BBCD-F65B8C3FF399}.Debug|Any CPU.ActiveCfg = Debug|Any CPU
		{E0AE3FF9-A237-4C7B-BBCD-F65B8C3FF399}.Debug|Any CPU.Build.0 = Debug|Any CPU
		{E0AE3FF9-A237-4C7B-BBCD-F65B8C3FF399}.Release|Any CPU.ActiveCfg = Release|Any CPU
		{E0AE3FF9-A237-4C7B-BBCD-F65B8C3FF399}.Release|Any CPU.Build.0 = Release|Any CPU
		{EA874987-41D9-4628-8502-51CF55012905}.Debug|Any CPU.ActiveCfg = Debug|Any CPU
		{EA874987-41D9-4628-8502-51CF55012905}.Debug|Any CPU.Build.0 = Debug|Any CPU
		{EA874987-41D9-4628-8502-51CF55012905}.Release|Any CPU.ActiveCfg = Release|Any CPU
		{EA874987-41D9-4628-8502-51CF55012905}.Release|Any CPU.Build.0 = Release|Any CPU
		{34713233-C23E-424C-BF9C-CC233F4287B0}.Debug|Any CPU.ActiveCfg = Debug|Any CPU
		{34713233-C23E-424C-BF9C-CC233F4287B0}.Debug|Any CPU.Build.0 = Debug|Any CPU
		{34713233-C23E-424C-BF9C-CC233F4287B0}.Release|Any CPU.ActiveCfg = Release|Any CPU
		{34713233-C23E-424C-BF9C-CC233F4287B0}.Release|Any CPU.Build.0 = Release|Any CPU
		{F59EEBA3-D608-4EA0-A673-B02E48AC95C7}.Debug|Any CPU.ActiveCfg = Debug|Any CPU
		{F59EEBA3-D608-4EA0-A673-B02E48AC95C7}.Debug|Any CPU.Build.0 = Debug|Any CPU
		{F59EEBA3-D608-4EA0-A673-B02E48AC95C7}.Release|Any CPU.ActiveCfg = Release|Any CPU
		{F59EEBA3-D608-4EA0-A673-B02E48AC95C7}.Release|Any CPU.Build.0 = Release|Any CPU
		{85E2DE15-2042-4AAB-A7E0-D44B68AB2802}.Debug|Any CPU.ActiveCfg = Debug|Any CPU
		{85E2DE15-2042-4AAB-A7E0-D44B68AB2802}.Debug|Any CPU.Build.0 = Debug|Any CPU
		{85E2DE15-2042-4AAB-A7E0-D44B68AB2802}.Release|Any CPU.ActiveCfg = Release|Any CPU
		{85E2DE15-2042-4AAB-A7E0-D44B68AB2802}.Release|Any CPU.Build.0 = Release|Any CPU
		{E8007A5D-AEBE-4634-BBAB-D21CAB4B93EF}.Debug|Any CPU.ActiveCfg = Debug|Any CPU
		{E8007A5D-AEBE-4634-BBAB-D21CAB4B93EF}.Debug|Any CPU.Build.0 = Debug|Any CPU
		{E8007A5D-AEBE-4634-BBAB-D21CAB4B93EF}.Release|Any CPU.ActiveCfg = Release|Any CPU
		{E8007A5D-AEBE-4634-BBAB-D21CAB4B93EF}.Release|Any CPU.Build.0 = Release|Any CPU
		{D4EB50EA-D506-47FA-98F0-407DDEA68F67}.Debug|Any CPU.ActiveCfg = Debug|Any CPU
		{D4EB50EA-D506-47FA-98F0-407DDEA68F67}.Debug|Any CPU.Build.0 = Debug|Any CPU
		{D4EB50EA-D506-47FA-98F0-407DDEA68F67}.Release|Any CPU.ActiveCfg = Release|Any CPU
		{D4EB50EA-D506-47FA-98F0-407DDEA68F67}.Release|Any CPU.Build.0 = Release|Any CPU
	EndGlobalSection
	GlobalSection(SolutionProperties) = preSolution
		HideSolutionNode = FALSE
	EndGlobalSection
	GlobalSection(NestedProjects) = preSolution
		{E0AE3FF9-A237-4C7B-BBCD-F65B8C3FF399} = {BB3A8BD8-BA09-4DD0-873C-4CDB3E693833}
		{EA874987-41D9-4628-8502-51CF55012905} = {BB3A8BD8-BA09-4DD0-873C-4CDB3E693833}
		{34713233-C23E-424C-BF9C-CC233F4287B0} = {BB3A8BD8-BA09-4DD0-873C-4CDB3E693833}
		{85E2DE15-2042-4AAB-A7E0-D44B68AB2802} = {2D27F915-AD6D-4B1B-B902-95514186BE28}
		{E8007A5D-AEBE-4634-BBAB-D21CAB4B93EF} = {2D27F915-AD6D-4B1B-B902-95514186BE28}
		{D4EB50EA-D506-47FA-98F0-407DDEA68F67} = {BB3A8BD8-BA09-4DD0-873C-4CDB3E693833}
	EndGlobalSection
	GlobalSection(ExtensibilityGlobals) = postSolution
		SolutionGuid = {7A9F4B13-D4D5-40BB-85AC-C4A9A9BFA32B}
	EndGlobalSection
EndGlobal
